# THIS IS AN AUTOGENERATED FILE. DO NOT EDIT THIS FILE DIRECTLY.
# yarn lockfile v1


"@pmndrs/cannon-worker-api@^2.4.0":
  version "2.4.0"
  resolved "https://registry.yarnpkg.com/@pmndrs/cannon-worker-api/-/cannon-worker-api-2.4.0.tgz#b71522fb246ea305fcc32e158ef29d7740df8381"
  integrity sha512-oJA1Bboc+WObksRaGDKJG0Wna9Q75xi1MdXVAZ9qXzBOyPsadmAnrmiKOEF0R8v/4zsuJElvscNZmyo3msbZjA==

"@react-three/cannon@^6.6.0":
  version "6.6.0"
  resolved "https://registry.yarnpkg.com/@react-three/cannon/-/cannon-6.6.0.tgz#bef2b2224f6ea0c59e704045dc289760522dae29"
  integrity sha512-lP9rJoVHQi0w+dYF8FJAm2xr5eLfNEckb04j72kjqndUkuOPr26N4rSBhQbHl5b5N3tEnhQaIMungAvHkcY8/A==
  dependencies:
    "@pmndrs/cannon-worker-api" "^2.4.0"
    cannon-es "^0.20.0"
    cannon-es-debugger "^1.0.0"

cannon-es-debugger@^1.0.0:
  version "1.0.0"
  resolved "https://registry.yarnpkg.com/cannon-es-debugger/-/cannon-es-debugger-1.0.0.tgz#28c6679b30dcf608e978225239f447a8fe55ccb4"
  integrity sha512-sE9lDOBAYFKlh+0w+cvWKwUhJef8HYnUSVPWPL0jD15MAuVRQKno4QYZSGxgOoJkMR3mQqxL4bxys2b3RSWH8g==

cannon-es@^0.20.0:
  version "0.20.0"
  resolved "https://registry.yarnpkg.com/cannon-es/-/cannon-es-0.20.0.tgz#bf2f62a674701f37e3d861c90668a32d4d32f082"
  integrity sha512-eZhWTZIkFOnMAJOgfXJa9+b3kVlvG+FX4mdkpePev/w/rP5V8NRquGyEozcjPfEoXUlb+p7d9SUcmDSn14prOA==
